{
  "requires": true,
  "lockfileVersion": 1,
  "dependencies": {
    "cypress-file-upload": {
      "version": "5.0.7",
      "resolved": "https://registry.npmjs.org/cypress-file-upload/-/cypress-file-upload-5.0.7.tgz",
      "integrity": "sha512-cgWsWx7igxjyyVm9/VJ9ukdy69jL00I7z0lrwUWtXXLPvX4neO+8JAZ054Ax8Xf+mdV9OerenXzb9nqRoafjHA=="
    },
    "cypress-wait-until": {
      "version": "1.7.1",
      "resolved": "https://registry.npmjs.org/cypress-wait-until/-/cypress-wait-until-1.7.1.tgz",
      "integrity": "sha512-8DL5IsBTbAxBjfYgCzdbohPq/bY+IKc63fxtso1C8RWhLnQkZbVESyaclNr76jyxfId6uyzX8+Xnt0ZwaXNtkA=="
    }
  }
}
